// !$*UTF8*$!
{
	archiveVersion = 1;
	classes = {
	};
	objectVersion = 55;
	objects = {

/* Begin PBXBuildFile section */
		FB5DF892288E50E200FF8AAC /* AppDelegate.swift in Sources */ = {isa = PBXBuildFile; fileRef = FB5DF891288E50E200FF8AAC /* AppDelegate.swift */; };
		FB5DF894288E50E200FF8AAC /* SceneDelegate.swift in Sources */ = {isa = PBXBuildFile; fileRef = FB5DF893288E50E200FF8AAC /* SceneDelegate.swift */; };
		FB5DF896288E50E200FF8AAC /* ViewController.swift in Sources */ = {isa = PBXBuildFile; fileRef = FB5DF895288E50E200FF8AAC /* ViewController.swift */; };
		FB5DF899288E50E200FF8AAC /* Main.storyboard in Resources */ = {isa = PBXBuildFile; fileRef = FB5DF897288E50E200FF8AAC /* Main.storyboard */; };
		FB5DF89C288E50E200FF8AAC /* iRoadmap.xcdatamodeld in Sources */ = {isa = PBXBuildFile; fileRef = FB5DF89A288E50E200FF8AAC /* iRoadmap.xcdatamodeld */; };
		FB5DF89E288E50E400FF8AAC /* Assets.xcassets in Resources */ = {isa = PBXBuildFile; fileRef = FB5DF89D288E50E400FF8AAC /* Assets.xcassets */; };
		FB5DF8A1288E50E400FF8AAC /* LaunchScreen.storyboard in Resources */ = {isa = PBXBuildFile; fileRef = FB5DF89F288E50E400FF8AAC /* LaunchScreen.storyboard */; };
		FB5DF8AC288E50E400FF8AAC /* iRoadmapTests.swift in Sources */ = {isa = PBXBuildFile; fileRef = FB5DF8AB288E50E400FF8AAC /* iRoadmapTests.swift */; };
		FB5DF8B6288E50E400FF8AAC /* iRoadmapUITests.swift in Sources */ = {isa = PBXBuildFile; fileRef = FB5DF8B5288E50E400FF8AAC /* iRoadmapUITests.swift */; };
		FB5DF8B8288E50E400FF8AAC /* iRoadmapUITestsLaunchTests.swift in Sources */ = {isa = PBXBuildFile; fileRef = FB5DF8B7288E50E400FF8AAC /* iRoadmapUITestsLaunchTests.swift */; };
/* End PBXBuildFile section */

/* Begin PBXContainerItemProxy section */
		FB5DF8A8288E50E400FF8AAC /* PBXContainerItemProxy */ = {
			isa = PBXContainerItemProxy;
			containerPortal = FB5DF886288E50E200FF8AAC /* Project object */;
			proxyType = 1;
			remoteGlobalIDString = FB5DF88D288E50E200FF8AAC;
			remoteInfo = iRoadmap;
		};
		FB5DF8B2288E50E400FF8AAC /* PBXContainerItemProxy */ = {
			isa = PBXContainerItemProxy;
			containerPortal = FB5DF886288E50E200FF8AAC /* Project object */;
			proxyType = 1;
			remoteGlobalIDString = FB5DF88D288E50E200FF8AAC;
			remoteInfo = iRoadmap;
		};
/* End PBXContainerItemProxy section */

/* Begin PBXFileReference section */
		FB5DF88E288E50E200FF8AAC /* iRoadmap.app */ = {isa = PBXFileReference; explicitFileType = wrapper.application; includeInIndex = 0; path = iRoadmap.app; sourceTree = BUILT_PRODUCTS_DIR; };
		FB5DF891288E50E200FF8AAC /* AppDelegate.swift */ = {isa = PBXFileReference; lastKnownFileType = sourcecode.swift; path = AppDelegate.swift; sourceTree = "<group>"; };
		FB5DF893288E50E200FF8AAC /* SceneDelegate.swift */ = {isa = PBXFileReference; lastKnownFileType = sourcecode.swift; path = SceneDelegate.swift; sourceTree = "<group>"; };
		FB5DF895288E50E200FF8AAC /* ViewController.swift */ = {isa = PBXFileReference; lastKnownFileType = sourcecode.swift; path = ViewController.swift; sourceTree = "<group>"; };
		FB5DF898288E50E200FF8AAC /* Base */ = {isa = PBXFileReference; lastKnownFileType = file.storyboard; name = Base; path = Base.lproj/Main.storyboard; sourceTree = "<group>"; };
		FB5DF89B288E50E200FF8AAC /* iRoadmap.xcdatamodel */ = {isa = PBXFileReference; lastKnownFileType = wrapper.xcdatamodel; path = iRoadmap.xcdatamodel; sourceTree = "<group>"; };
		FB5DF89D288E50E400FF8AAC /* Assets.xcassets */ = {isa = PBXFileReference; lastKnownFileType = folder.assetcatalog; path = Assets.xcassets; sourceTree = "<group>"; };
		FB5DF8A0288E50E400FF8AAC /* Base */ = {isa = PBXFileReference; lastKnownFileType = file.storyboard; name = Base; path = Base.lproj/LaunchScreen.storyboard; sourceTree = "<group>"; };
		FB5DF8A2288E50E400FF8AAC /* Info.plist */ = {isa = PBXFileReference; lastKnownFileType = text.plist.xml; path = Info.plist; sourceTree = "<group>"; };
		FB5DF8A7288E50E400FF8AAC /* iRoadmapTests.xctest */ = {isa = PBXFileReference; explicitFileType = wrapper.cfbundle; includeInIndex = 0; path = iRoadmapTests.xctest; sourceTree = BUILT_PRODUCTS_DIR; };
		FB5DF8AB288E50E400FF8AAC /* iRoadmapTests.swift */ = {isa = PBXFileReference; lastKnownFileType = sourcecode.swift; path = iRoadmapTests.swift; sourceTree = "<group>"; };
		FB5DF8B1288E50E400FF8AAC /* iRoadmapUITests.xctest */ = {isa = PBXFileReference; explicitFileType = wrapper.cfbundle; includeInIndex = 0; path = iRoadmapUITests.xctest; sourceTree = BUILT_PRODUCTS_DIR; };
		FB5DF8B5288E50E400FF8AAC /* iRoadmapUITests.swift */ = {isa = PBXFileReference; lastKnownFileType = sourcecode.swift; path = iRoadmapUITests.swift; sourceTree = "<group>"; };
		FB5DF8B7288E50E400FF8AAC /* iRoadmapUITestsLaunchTests.swift */ = {isa = PBXFileReference; lastKnownFileType = sourcecode.swift; path = iRoadmapUITestsLaunchTests.swift; sourceTree = "<group>"; };
/* End PBXFileReference section */

/* Begin PBXFrameworksBuildPhase section */
		FB5DF88B288E50E200FF8AAC /* Frameworks */ = {
			isa = PBXFrameworksBuildPhase;
			buildActionMask = 2147483647;
			files = (
			);
			runOnlyForDeploymentPostprocessing = 0;
		};
		FB5DF8A4288E50E400FF8AAC /* Frameworks */ = {
			isa = PBXFrameworksBuildPhase;
			buildActionMask = 2147483647;
			files = (
			);
			runOnlyForDeploymentPostprocessing = 0;
		};
		FB5DF8AE288E50E400FF8AAC /* Frameworks */ = {
			isa = PBXFrameworksBuildPhase;
			buildActionMask = 2147483647;
			files = (
			);
			runOnlyForDeploymentPostprocessing = 0;
		};
/* End PBXFrameworksBuildPhase section */

/* Begin PBXGroup section */
		FB5DF885288E50E200FF8AAC = {
			isa = PBXGroup;
			children = (
				FB5DF890288E50E200FF8AAC /* iRoadmap */,
				FB5DF8AA288E50E400FF8AAC /* iRoadmapTests */,
				FB5DF8B4288E50E400FF8AAC /* iRoadmapUITests */,
				FB5DF88F288E50E200FF8AAC /* Products */,
			);
			sourceTree = "<group>";
		};
		FB5DF88F288E50E200FF8AAC /* Products */ = {
			isa = PBXGroup;
			children = (
				FB5DF88E288E50E200FF8AAC /* iRoadmap.app */,
				FB5DF8A7288E50E400FF8AAC /* iRoadmapTests.xctest */,
				FB5DF8B1288E50E400FF8AAC /* iRoadmapUITests.xctest */,
			);
			name = Products;
			sourceTree = "<group>";
		};
		FB5DF890288E50E200FF8AAC /* iRoadmap */ = {
			isa = PBXGroup;
			children = (
				FB5DF891288E50E200FF8AAC /* AppDelegate.swift */,
				FB5DF893288E50E200FF8AAC /* SceneDelegate.swift */,
				FB5DF895288E50E200FF8AAC /* ViewController.swift */,
				FB5DF897288E50E200FF8AAC /* Main.storyboard */,
				FB5DF89D288E50E400FF8AAC /* Assets.xcassets */,
				FB5DF89F288E50E400FF8AAC /* LaunchScreen.storyboard */,
				FB5DF8A2288E50E400FF8AAC /* Info.plist */,
				FB5DF89A288E50E200FF8AAC /* iRoadmap.xcdatamodeld */,
			);
			path = iRoadmap;
			sourceTree = "<group>";
		};
		FB5DF8AA288E50E400FF8AAC /* iRoadmapTests */ = {
			isa = PBXGroup;
			children = (
				FB5DF8AB288E50E400FF8AAC /* iRoadmapTests.swift */,
			);
			path = iRoadmapTests;
			sourceTree = "<group>";
		};
		FB5DF8B4288E50E400FF8AAC /* iRoadmapUITests */ = {
			isa = PBXGroup;
			children = (
				FB5DF8B5288E50E400FF8AAC /* iRoadmapUITests.swift */,
				FB5DF8B7288E50E400FF8AAC /* iRoadmapUITestsLaunchTests.swift */,
			);
			path = iRoadmapUITests;
			sourceTree = "<group>";
		};
/* End PBXGroup section */

/* Begin PBXNativeTarget section */
		FB5DF88D288E50E200FF8AAC /* iRoadmap */ = {
			isa = PBXNativeTarget;
			buildConfigurationList = FB5DF8BB288E50E400FF8AAC /* Build configuration list for PBXNativeTarget "iRoadmap" */;
			buildPhases = (
				FB5DF88A288E50E200FF8AAC /* Sources */,
				FB5DF88B288E50E200FF8AAC /* Frameworks */,
				FB5DF88C288E50E200FF8AAC /* Resources */,
			);
			buildRules = (
			);
			dependencies = (
			);
			name = iRoadmap;
			productName = iRoadmap;
			productReference = FB5DF88E288E50E200FF8AAC /* iRoadmap.app */;
			productType = "com.apple.product-type.application";
		};
		FB5DF8A6288E50E400FF8AAC /* iRoadmapTests */ = {
			isa = PBXNativeTarget;
			buildConfigurationList = FB5DF8BE288E50E400FF8AAC /* Build configuration list for PBXNativeTarget "iRoadmapTests" */;
			buildPhases = (
				FB5DF8A3288E50E400FF8AAC /* Sources */,
				FB5DF8A4288E50E400FF8AAC /* Frameworks */,
				FB5DF8A5288E50E400FF8AAC /* Resources */,
			);
			buildRules = (
			);
			dependencies = (
				FB5DF8A9288E50E400FF8AAC /* PBXTargetDependency */,
			);
			name = iRoadmapTests;
			productName = iRoadmapTests;
			productReference = FB5DF8A7288E50E400FF8AAC /* iRoadmapTests.xctest */;
			productType = "com.apple.product-type.bundle.unit-test";
		};
		FB5DF8B0288E50E400FF8AAC /* iRoadmapUITests */ = {
			isa = PBXNativeTarget;
			buildConfigurationList = FB5DF8C1288E50E400FF8AAC /* Build configuration list for PBXNativeTarget "iRoadmapUITests" */;
			buildPhases = (
				FB5DF8AD288E50E400FF8AAC /* Sources */,
				FB5DF8AE288E50E400FF8AAC /* Frameworks */,
				FB5DF8AF288E50E400FF8AAC /* Resources */,
			);
			buildRules = (
			);
			dependencies = (
				FB5DF8B3288E50E400FF8AAC /* PBXTargetDependency */,
			);
			name = iRoadmapUITests;
			productName = iRoadmapUITests;
			productReference = FB5DF8B1288E50E400FF8AAC /* iRoadmapUITests.xctest */;
			productType = "com.apple.product-type.bundle.ui-testing";
		};
/* End PBXNativeTarget section */

/* Begin PBXProject section */
		FB5DF886288E50E200FF8AAC /* Project object */ = {
			isa = PBXProject;
			attributes = {
				BuildIndependentTargetsInParallel = 1;
				LastSwiftUpdateCheck = 1340;
				LastUpgradeCheck = 1340;
				TargetAttributes = {
					FB5DF88D288E50E200FF8AAC = {
						CreatedOnToolsVersion = 13.4.1;
					};
					FB5DF8A6288E50E400FF8AAC = {
						CreatedOnToolsVersion = 13.4.1;
						TestTargetID = FB5DF88D288E50E200FF8AAC;
					};
					FB5DF8B0288E50E400FF8AAC = {
						CreatedOnToolsVersion = 13.4.1;
						TestTargetID = FB5DF88D288E50E200FF8AAC;
					};
				};
			};
			buildConfigurationList = FB5DF889288E50E200FF8AAC /* Build configuration list for PBXProject "iRoadmap" */;
			compatibilityVersion = "Xcode 13.0";
			developmentRegion = en;
			hasScannedForEncodings = 0;
			knownRegions = (
				en,
				Base,
			);
			mainGroup = FB5DF885288E50E200FF8AAC;
			productRefGroup = FB5DF88F288E50E200FF8AAC /* Products */;
			projectDirPath = "";
			projectRoot = "";
			targets = (
				FB5DF88D288E50E200FF8AAC /* iRoadmap */,
				FB5DF8A6288E50E400FF8AAC /* iRoadmapTests */,
				FB5DF8B0288E50E400FF8AAC /* iRoadmapUITests */,
			);
		};
/* End PBXProject section */

/* Begin PBXResourcesBuildPhase section */
		FB5DF88C288E50E200FF8AAC /* Resources */ = {
			isa = PBXResourcesBuildPhase;
			buildActionMask = 2147483647;
			files = (
				FB5DF8A1288E50E400FF8AAC /* LaunchScreen.storyboard in Resources */,
				FB5DF89E288E50E400FF8AAC /* Assets.xcassets in Resources */,
				FB5DF899288E50E200FF8AAC /* Main.storyboard in Resources */,
			);
			runOnlyForDeploymentPostprocessing = 0;
		};
		FB5DF8A5288E50E400FF8AAC /* Resources */ = {
			isa = PBXResourcesBuildPhase;
			buildActionMask = 2147483647;
			files = (
			);
			runOnlyForDeploymentPostprocessing = 0;
		};
		FB5DF8AF288E50E400FF8AAC /* Resources */ = {
			isa = PBXResourcesBuildPhase;
			buildActionMask = 2147483647;
			files = (
			);
			runOnlyForDeploymentPostprocessing = 0;
		};
/* End PBXResourcesBuildPhase section */

/* Begin PBXSourcesBuildPhase section */
		FB5DF88A288E50E200FF8AAC /* Sources */ = {
			isa = PBXSourcesBuildPhase;
			buildActionMask = 2147483647;
			files = (
				FB5DF896288E50E200FF8AAC /* ViewController.swift in Sources */,
				FB5DF892288E50E200FF8AAC /* AppDelegate.swift in Sources */,
				FB5DF89C288E50E200FF8AAC /* iRoadmap.xcdatamodeld in Sources */,
				FB5DF894288E50E200FF8AAC /* SceneDelegate.swift in Sources */,
			);
			runOnlyForDeploymentPostprocessing = 0;
		};
		FB5DF8A3288E50E400FF8AAC /* Sources */ = {
			isa = PBXSourcesBuildPhase;
			buildActionMask = 2147483647;
			files = (
				FB5DF8AC288E50E400FF8AAC /* iRoadmapTests.swift in Sources */,
			);
			runOnlyForDeploymentPostprocessing = 0;
		};
		FB5DF8AD288E50E400FF8AAC /* Sources */ = {
			isa = PBXSourcesBuildPhase;
			buildActionMask = 2147483647;
			files = (
				FB5DF8B8288E50E400FF8AAC /* iRoadmapUITestsLaunchTests.swift in Sources */,
				FB5DF8B6288E50E400FF8AAC /* iRoadmapUITests.swift in Sources */,
			);
			runOnlyForDeploymentPostprocessing = 0;
		};
/* End PBXSourcesBuildPhase section */

/* Begin PBXTargetDependency section */
		FB5DF8A9288E50E400FF8AAC /* PBXTargetDependency */ = {
			isa = PBXTargetDependency;
			target = FB5DF88D288E50E200FF8AAC /* iRoadmap */;
			targetProxy = FB5DF8A8288E50E400FF8AAC /* PBXContainerItemProxy */;
		};
		FB5DF8B3288E50E400FF8AAC /* PBXTargetDependency */ = {
			isa = PBXTargetDependency;
			target = FB5DF88D288E50E200FF8AAC /* iRoadmap */;
			targetProxy = FB5DF8B2288E50E400FF8AAC /* PBXContainerItemProxy */;
		};
/* End PBXTargetDependency section */

/* Begin PBXVariantGroup section */
		FB5DF897288E50E200FF8AAC /* Main.storyboard */ = {
			isa = PBXVariantGroup;
			children = (
				FB5DF898288E50E200FF8AAC /* Base */,
			);
			name = Main.storyboard;
			sourceTree = "<group>";
		};
		FB5DF89F288E50E400FF8AAC /* LaunchScreen.storyboard */ = {
			isa = PBXVariantGroup;
			children = (
				FB5DF8A0288E50E400FF8AAC /* Base */,
			);
			name = LaunchScreen.storyboard;
			sourceTree = "<group>";
		};
/* End PBXVariantGroup section */

/* Begin XCBuildConfiguration section */
		FB5DF8B9288E50E400FF8AAC /* Debug */ = {
			isa = XCBuildConfiguration;
			buildSettings = {
				ALWAYS_SEARCH_USER_PATHS = NO;
				CLANG_ANALYZER_NONNULL = YES;
				CLANG_ANALYZER_NUMBER_OBJECT_CONVERSION = YES_AGGRESSIVE;
				CLANG_CXX_LANGUAGE_STANDARD = "gnu++17";
				CLANG_ENABLE_MODULES = YES;
				CLANG_ENABLE_OBJC_ARC = YES;
				CLANG_ENABLE_OBJC_WEAK = YES;
				CLANG_WARN_BLOCK_CAPTURE_AUTORELEASING = YES;
				CLANG_WARN_BOOL_CONVERSION = YES;
				CLANG_WARN_COMMA = YES;
				CLANG_WARN_CONSTANT_CONVERSION = YES;
				CLANG_WARN_DEPRECATED_OBJC_IMPLEMENTATIONS = YES;
				CLANG_WARN_DIRECT_OBJC_ISA_USAGE = YES_ERROR;
				CLANG_WARN_DOCUMENTATION_COMMENTS = YES;
				CLANG_WARN_EMPTY_BODY = YES;
				CLANG_WARN_ENUM_CONVERSION = YES;
				CLANG_WARN_INFINITE_RECURSION = YES;
				CLANG_WARN_INT_CONVERSION = YES;
				CLANG_WARN_NON_LITERAL_NULL_CONVERSION = YES;
				CLANG_WARN_OBJC_IMPLICIT_RETAIN_SELF = YES;
				CLANG_WARN_OBJC_LITERAL_CONVERSION = YES;
				CLANG_WARN_OBJC_ROOT_CLASS = YES_ERROR;
				CLANG_WARN_QUOTED_INCLUDE_IN_FRAMEWORK_HEADER = YES;
				CLANG_WARN_RANGE_LOOP_ANALYSIS = YES;
				CLANG_WARN_STRICT_PROTOTYPES = YES;
				CLANG_WARN_SUSPICIOUS_MOVE = YES;
				CLANG_WARN_UNGUARDED_AVAILABILITY = YES_AGGRESSIVE;
				CLANG_WARN_UNREACHABLE_CODE = YES;
				CLANG_WARN__DUPLICATE_METHOD_MATCH = YES;
				COPY_PHASE_STRIP = NO;
				DEBUG_INFORMATION_FORMAT = dwarf;
				ENABLE_STRICT_OBJC_MSGSEND = YES;
				ENABLE_TESTABILITY = YES;
				GCC_C_LANGUAGE_STANDARD = gnu11;
				GCC_DYNAMIC_NO_PIC = NO;
				GCC_NO_COMMON_BLOCKS = YES;
				GCC_OPTIMIZATION_LEVEL = 0;
				GCC_PREPROCESSOR_DEFINITIONS = (
					"DEBUG=1",
					"$(inherited)",
				);
				GCC_WARN_64_TO_32_BIT_CONVERSION = YES;
				GCC_WARN_ABOUT_RETURN_TYPE = YES_ERROR;
				GCC_WARN_UNDECLARED_SELECTOR = YES;
				GCC_WARN_UNINITIALIZED_AUTOS = YES_AGGRESSIVE;
				GCC_WARN_UNUSED_FUNCTION = YES;
				GCC_WARN_UNUSED_VARIABLE = YES;
				IPHONEOS_DEPLOYMENT_TARGET = 15.5;
				MTL_ENABLE_DEBUG_INFO = INCLUDE_SOURCE;
				MTL_FAST_MATH = YES;
				ONLY_ACTIVE_ARCH = YES;
				SDKROOT = iphoneos;
				SWIFT_ACTIVE_COMPILATION_CONDITIONS = DEBUG;
				SWIFT_OPTIMIZATION_LEVEL = "-Onone";
			};
			name = Debug;
		};
		FB5DF8BA288E50E400FF8AAC /* Release */ = {
			isa = XCBuildConfiguration;
			buildSettings = {
				ALWAYS_SEARCH_USER_PATHS = NO;
				CLANG_ANALYZER_NONNULL = YES;
				CLANG_ANALYZER_NUMBER_OBJECT_CONVERSION = YES_AGGRESSIVE;
				CLANG_CXX_LANGUAGE_STANDARD = "gnu++17";
				CLANG_ENABLE_MODULES = YES;
				CLANG_ENABLE_OBJC_ARC = YES;
				CLANG_ENABLE_OBJC_WEAK = YES;
				CLANG_WARN_BLOCK_CAPTURE_AUTORELEASING = YES;
				CLANG_WARN_BOOL_CONVERSION = YES;
				CLANG_WARN_COMMA = YES;
				CLANG_WARN_CONSTANT_CONVERSION = YES;
				CLANG_WARN_DEPRECATED_OBJC_IMPLEMENTATIONS = YES;
				CLANG_WARN_DIRECT_OBJC_ISA_USAGE = YES_ERROR;
				CLANG_WARN_DOCUMENTATION_COMMENTS = YES;
				CLANG_WARN_EMPTY_BODY = YES;
				CLANG_WARN_ENUM_CONVERSION = YES;
				CLANG_WARN_INFINITE_RECURSION = YES;
				CLANG_WARN_INT_CONVERSION = YES;
				CLANG_WARN_NON_LITERAL_NULL_CONVERSION = YES;
				CLANG_WARN_OBJC_IMPLICIT_RETAIN_SELF = YES;
				CLANG_WARN_OBJC_LITERAL_CONVERSION = YES;
				CLANG_WARN_OBJC_ROOT_CLASS = YES_ERROR;
				CLANG_WARN_QUOTED_INCLUDE_IN_FRAMEWORK_HEADER = YES;
				CLANG_WARN_RANGE_LOOP_ANALYSIS = YES;
				CLANG_WARN_STRICT_PROTOTYPES = YES;
				CLANG_WARN_SUSPICIOUS_MOVE = YES;
				CLANG_WARN_UNGUARDED_AVAILABILITY = YES_AGGRESSIVE;
				CLANG_WARN_UNREACHABLE_CODE = YES;
				CLANG_WARN__DUPLICATE_METHOD_MATCH = YES;
				COPY_PHASE_STRIP = NO;
				DEBUG_INFORMATION_FORMAT = "dwarf-with-dsym";
				ENABLE_NS_ASSERTIONS = NO;
				ENABLE_STRICT_OBJC_MSGSEND = YES;
				GCC_C_LANGUAGE_STANDARD = gnu11;
				GCC_NO_COMMON_BLOCKS = YES;
				GCC_WARN_64_TO_32_BIT_CONVERSION = YES;
				GCC_WARN_ABOUT_RETURN_TYPE = YES_ERROR;
				GCC_WARN_UNDECLARED_SELECTOR = YES;
				GCC_WARN_UNINITIALIZED_AUTOS = YES_AGGRESSIVE;
				GCC_WARN_UNUSED_FUNCTION = YES;
				GCC_WARN_UNUSED_VARIABLE = YES;
				IPHONEOS_DEPLOYMENT_TARGET = 15.5;
				MTL_ENABLE_DEBUG_INFO = NO;
				MTL_FAST_MATH = YES;
				SDKROOT = iphoneos;
				SWIFT_COMPILATION_MODE = wholemodule;
				SWIFT_OPTIMIZATION_LEVEL = "-O";
				VALIDATE_PRODUCT = YES;
			};
			name = Release;
		};
		FB5DF8BC288E50E400FF8AAC /* Debug */ = {
			isa = XCBuildConfiguration;
			buildSettings = {
				ASSETCATALOG_COMPILER_APPICON_NAME = AppIcon;
				ASSETCATALOG_COMPILER_GLOBAL_ACCENT_COLOR_NAME = AccentColor;
				CODE_SIGN_STYLE = Automatic;
				CURRENT_PROJECT_VERSION = 1;
				GENERATE_INFOPLIST_FILE = YES;
				INFOPLIST_FILE = iRoadmap/Info.plist;
				INFOPLIST_KEY_UIApplicationSupportsIndirectInputEvents = YES;
				INFOPLIST_KEY_UILaunchStoryboardName = LaunchScreen;
				INFOPLIST_KEY_UIMainStoryboardFile = Main;
				INFOPLIST_KEY_UISupportedInterfaceOrientations_iPad = "UIInterfaceOrientationPortrait UIInterfaceOrientationPortraitUpsideDown UIInterfaceOrientationLandscapeLeft UIInterfaceOrientationLandscapeRight";
				INFOPLIST_KEY_UISupportedInterfaceOrientations_iPhone = "UIInterfaceOrientationPortrait UIInterfaceOrientationLandscapeLeft UIInterfaceOrientationLandscapeRight";
				LD_RUNPATH_SEARCH_PATHS = (
					"$(inherited)",
					"@executable_path/Frameworks",
				);
				MARKETING_VERSION = 1.0;
				PRODUCT_BUNDLE_IDENTIFIER = com.hafizhmo.iRoadmap;
				PRODUCT_NAME = "$(TARGET_NAME)";
				SWIFT_EMIT_LOC_STRINGS = YES;
				SWIFT_VERSION = 5.0;
				TARGETED_DEVICE_FAMILY = "1,2";
			};
			name = Debug;
		};
		FB5DF8BD288E50E400FF8AAC /* Release */ = {
			isa = XCBuildConfiguration;
			buildSettings = {
				ASSETCATALOG_COMPILER_APPICON_NAME = AppIcon;
				ASSETCATALOG_COMPILER_GLOBAL_ACCENT_COLOR_NAME = AccentColor;
				CODE_SIGN_STYLE = Automatic;
				CURRENT_PROJECT_VERSION = 1;
				GENERATE_INFOPLIST_FILE = YES;
				INFOPLIST_FILE = iRoadmap/Info.plist;
				INFOPLIST_KEY_UIApplicationSupportsIndirectInputEvents = YES;
				INFOPLIST_KEY_UILaunchStoryboardName = LaunchScreen;
				INFOPLIST_KEY_UIMainStoryboardFile = Main;
				INFOPLIST_KEY_UISupportedInterfaceOrientations_iPad = "UIInterfaceOrientationPortrait UIInterfaceOrientationPortraitUpsideDown UIInterfaceOrientationLandscapeLeft UIInterfaceOrientationLandscapeRight";
				INFOPLIST_KEY_UISupportedInterfaceOrientations_iPhone = "UIInterfaceOrientationPortrait UIInterfaceOrientationLandscapeLeft UIInterfaceOrientationLandscapeRight";
				LD_RUNPATH_SEARCH_PATHS = (
					"$(inherited)",
					"@executable_path/Frameworks",
				);
				MARKETING_VERSION = 1.0;
				PRODUCT_BUNDLE_IDENTIFIER = com.hafizhmo.iRoadmap;
				PRODUCT_NAME = "$(TARGET_NAME)";
				SWIFT_EMIT_LOC_STRINGS = YES;
				SWIFT_VERSION = 5.0;
				TARGETED_DEVICE_FAMILY = "1,2";
			};
			name = Release;
		};
		FB5DF8BF288E50E400FF8AAC /* Debug */ = {
			isa = XCBuildConfiguration;
			buildSettings = {
				ALWAYS_EMBED_SWIFT_STANDARD_LIBRARIES = YES;
				BUNDLE_LOADER = "$(TEST_HOST)";
				CODE_SIGN_STYLE = Automatic;
				CURRENT_PROJECT_VERSION = 1;
				GENERATE_INFOPLIST_FILE = YES;
				IPHONEOS_DEPLOYMENT_TARGET = 15.5;
				MARKETING_VERSION = 1.0;
				PRODUCT_BUNDLE_IDENTIFIER = com.hafizhmo.iRoadmapTests;
				PRODUCT_NAME = "$(TARGET_NAME)";
				SWIFT_EMIT_LOC_STRINGS = NO;
				SWIFT_VERSION = 5.0;
				TARGETED_DEVICE_FAMILY = "1,2";
				TEST_HOST = "$(BUILT_PRODUCTS_DIR)/iRoadmap.app/iRoadmap";
			};
			name = Debug;
		};
		FB5DF8C0288E50E400FF8AAC /* Release */ = {
			isa = XCBuildConfiguration;
			buildSettings = {
				ALWAYS_EMBED_SWIFT_STANDARD_LIBRARIES = YES;
				BUNDLE_LOADER = "$(TEST_HOST)";
				CODE_SIGN_STYLE = Automatic;
				CURRENT_PROJECT_VERSION = 1;
				GENERATE_INFOPLIST_FILE = YES;
				IPHONEOS_DEPLOYMENT_TARGET = 15.5;
				MARKETING_VERSION = 1.0;
				PRODUCT_BUNDLE_IDENTIFIER = com.hafizhmo.iRoadmapTests;
				PRODUCT_NAME = "$(TARGET_NAME)";
				SWIFT_EMIT_LOC_STRINGS = NO;
				SWIFT_VERSION = 5.0;
				TARGETED_DEVICE_FAMILY = "1,2";
				TEST_HOST = "$(BUILT_PRODUCTS_DIR)/iRoadmap.app/iRoadmap";
			};
			name = Release;
		};
		FB5DF8C2288E50E400FF8AAC /* Debug */ = {
			isa = XCBuildConfiguration;
			buildSettings = {
				ALWAYS_EMBED_SWIFT_STANDARD_LIBRARIES = YES;
				CODE_SIGN_STYLE = Automatic;
				CURRENT_PROJECT_VERSION = 1;
				GENERATE_INFOPLIST_FILE = YES;
				MARKETING_VERSION = 1.0;
				PRODUCT_BUNDLE_IDENTIFIER = com.hafizhmo.iRoadmapUITests;
				PRODUCT_NAME = "$(TARGET_NAME)";
				SWIFT_EMIT_LOC_STRINGS = NO;
				SWIFT_VERSION = 5.0;
				TARGETED_DEVICE_FAMILY = "1,2";
				TEST_TARGET_NAME = iRoadmap;
			};
			name = Debug;
		};
		FB5DF8C3288E50E400FF8AAC /* Release */ = {
			isa = XCBuildConfiguration;
			buildSettings = {
				ALWAYS_EMBED_SWIFT_STANDARD_LIBRARIES = YES;
				CODE_SIGN_STYLE = Automatic;
				CURRENT_PROJECT_VERSION = 1;
				GENERATE_INFOPLIST_FILE = YES;
				MARKETING_VERSION = 1.0;
				PRODUCT_BUNDLE_IDENTIFIER = com.hafizhmo.iRoadmapUITests;
				PRODUCT_NAME = "$(TARGET_NAME)";
				SWIFT_EMIT_LOC_STRINGS = NO;
				SWIFT_VERSION = 5.0;
				TARGETED_DEVICE_FAMILY = "1,2";
				TEST_TARGET_NAME = iRoadmap;
			};
			name = Release;
		};
/* End XCBuildConfiguration section */

/* Begin XCConfigurationList section */
		FB5DF889288E50E200FF8AAC /* Build configuration list for PBXProject "iRoadmap" */ = {
			isa = XCConfigurationList;
			buildConfigurations = (
				FB5DF8B9288E50E400FF8AAC /* Debug */,
				FB5DF8BA288E50E400FF8AAC /* Release */,
			);
			defaultConfigurationIsVisible = 0;
			defaultConfigurationName = Release;
		};
		FB5DF8BB288E50E400FF8AAC /* Build configuration list for PBXNativeTarget "iRoadmap" */ = {
			isa = XCConfigurationList;
			buildConfigurations = (
				FB5DF8BC288E50E400FF8AAC /* Debug */,
				FB5DF8BD288E50E400FF8AAC /* Release */,
			);
			defaultConfigurationIsVisible = 0;
			defaultConfigurationName = Release;
		};
		FB5DF8BE288E50E400FF8AAC /* Build configuration list for PBXNativeTarget "iRoadmapTests" */ = {
			isa = XCConfigurationList;
			buildConfigurations = (
				FB5DF8BF288E50E400FF8AAC /* Debug */,
				FB5DF8C0288E50E400FF8AAC /* Release */,
			);
			defaultConfigurationIsVisible = 0;
			defaultConfigurationName = Release;
		};
		FB5DF8C1288E50E400FF8AAC /* Build configuration list for PBXNativeTarget "iRoadmapUITests" */ = {
			isa = XCConfigurationList;
			buildConfigurations = (
				FB5DF8C2288E50E400FF8AAC /* Debug */,
				FB5DF8C3288E50E400FF8AAC /* Release */,
			);
			defaultConfigurationIsVisible = 0;
			defaultConfigurationName = Release;
		};
/* End XCConfigurationList section */

/* Begin XCVersionGroup section */
		FB5DF89A288E50E200FF8AAC /* iRoadmap.xcdatamodeld */ = {
			isa = XCVersionGroup;
			children = (
				FB5DF89B288E50E200FF8AAC /* iRoadmap.xcdatamodel */,
			);
			currentVersion = FB5DF89B288E50E200FF8AAC /* iRoadmap.xcdatamodel */;
			path = iRoadmap.xcdatamodeld;
			sourceTree = "<group>";
			versionGroupType = wrapper.xcdatamodel;
		};
/* End XCVersionGroup section */
	};
	rootObject = FB5DF886288E50E200FF8AAC /* Project object */;
}
